{
  "name": "preview",
  "lockfileVersion": 3,
  "requires": true,
  "packages": {
    "": {
      "dependencies": {
        "ace-builds": "^1.32.7"
      }
    },
    "node_modules/ace-builds": {
      "version": "1.32.7",
      "resolved": "https://registry.npmmirror.com/ace-builds/-/ace-builds-1.32.7.tgz",
      "integrity": "sha512-ziv35kaYELFw4suWlotz/Xsl1/1LhWAbwFoD3zIgCgP9gXGECEsAM4GhiB0T0xZdmQjyv6hmAzO280g0+n4vGw=="
    }
  }
}
